
Microsoft Visual Studio Solution File, Format Version 12.00
# Visual Studio Version 17
VisualStudioVersion = 17.4.33103.184
MinimumVisualStudioVersion = 10.0.40219.1
Project("{FAE04EC0-301F-11D3-BF4B-00C04F79EFBC}") = "Blood D (master)", "Blood D (master).csproj", "{D4DA4271-8C30-4179-A413-4CE75921A477}"
EndProject
Global
	GlobalSection(SolutionConfigurationPlatforms) = preSolution
		Debug|Any CPU = Debug|Any CPU
		Release|Any CPU = Release|Any CPU
	EndGlobalSection
	GlobalSection(ProjectConfigurationPlatforms) = postSolution
		{D4DA4271-8C30-4179-A413-4CE75921A477}.Debug|Any CPU.ActiveCfg = Debug|Any CPU
		{D4DA4271-8C30-4179-A413-4CE75921A477}.Debug|Any CPU.Build.0 = Debug|Any CPU
		{D4DA4271-8C30-4179-A413-4CE75921A477}.Release|Any CPU.ActiveCfg = Release|Any CPU
		{D4DA4271-8C30-4179-A413-4CE75921A477}.Release|Any CPU.Build.0 = Release|Any CPU
	EndGlobalSection
	GlobalSection(SolutionProperties) = preSolution
		HideSolutionNode = FALSE
	EndGlobalSection
	GlobalSection(ExtensibilityGlobals) = postSolution
		SolutionGuid = {BFC5404C-E1CE-4C52-B90F-32E4B425AED7}
	EndGlobalSection
EndGlobal
